
Microsoft Visual Studio Solution File, Format Version 12.00
# Visual Studio 15
VisualStudioVersion = 15.0.28307.757
MinimumVisualStudioVersion = 10.0.40219.1
Project("{FAE04EC0-301F-11D3-BF4B-00C04F79EFBC}") = "Generator v.2", "Generator v.2.csproj", "{5871E840-A4D6-4188-9CC0-01AEAA31EA52}"
EndProject
Global
	GlobalSection(SolutionConfigurationPlatforms) = preSolution
		Debug|Any CPU = Debug|Any CPU
		Release|Any CPU = Release|Any CPU
	EndGlobalSection
	GlobalSection(ProjectConfigurationPlatforms) = postSolution
		{5871E840-A4D6-4188-9CC0-01AEAA31EA52}.Debug|Any CPU.ActiveCfg = Debug|Any CPU
		{5871E840-A4D6-4188-9CC0-01AEAA31EA52}.Debug|Any CPU.Build.0 = Debug|Any CPU
		{5871E840-A4D6-4188-9CC0-01AEAA31EA52}.Release|Any CPU.ActiveCfg = Release|Any CPU
		{5871E840-A4D6-4188-9CC0-01AEAA31EA52}.Release|Any CPU.Build.0 = Release|Any CPU
	EndGlobalSection
	GlobalSection(SolutionProperties) = preSolution
		HideSolutionNode = FALSE
	EndGlobalSection
	GlobalSection(ExtensibilityGlobals) = postSolution
		SolutionGuid = {4A21B019-A9D6-4C8E-898A-F5A67382139D}
	EndGlobalSection
EndGlobal
